
Microsoft Visual Studio Solution File, Format Version 12.00
# Visual Studio Version 17
VisualStudioVersion = 17.3.32929.385
MinimumVisualStudioVersion = 10.0.40219.1
Project("{2150E333-8FDC-42A3-9474-1A3956D46DE8}") = "Services", "Services", "{8FAF5FED-567D-4AB1-8C4C-0D4E4A4C55AD}"
EndProject
Project("{2150E333-8FDC-42A3-9474-1A3956D46DE8}") = "Catalog", "Catalog", "{1A033AFE-7B95-44A8-A74F-9DC0B125591C}"
EndProject
Project("{2150E333-8FDC-42A3-9474-1A3956D46DE8}") = "Basket", "Basket", "{CC7513F5-570B-4376-8D4A-B936EA7AEBBE}"
EndProject
Project("{9A19103F-16F7-4668-BE54-9A1E7A4F7556}") = "BasketAPI", "Services\Basket\BasketAPI\BasketAPI.csproj", "{29909CA8-4C17-455E-8DB4-858B50ABEB70}"
EndProject
Project("{9A19103F-16F7-4668-BE54-9A1E7A4F7556}") = "CatalogAPI", "Services\Catalog\CatalogAPI\CatalogAPI.csproj", "{5C132ED6-DADB-41FF-B82C-321A1FF7A110}"
EndProject
Project("{2150E333-8FDC-42A3-9474-1A3956D46DE8}") = "Discount", "Discount", "{FA6DAFB4-7F2F-4F17-A0AE-B8291E34D9BF}"
EndProject
Project("{9A19103F-16F7-4668-BE54-9A1E7A4F7556}") = "DiscountAPI", "Services\Discount\DiscountAPI\DiscountAPI.csproj", "{8D2AF128-9F20-450E-B0FE-EE19C1E31819}"
EndProject
Project("{E53339B2-1760-4266-BCC7-CA923CBCF16C}") = "docker-compose", "docker-compose.dcproj", "{BDE520CE-0971-41F6-9E2F-5B2EE97453BC}"
EndProject
Project("{2150E333-8FDC-42A3-9474-1A3956D46DE8}") = "Ordering", "Ordering", "{C2E14CBF-034F-4933-BB79-6EA4ECD71DEC}"
EndProject
Project("{FAE04EC0-301F-11D3-BF4B-00C04F79EFBC}") = "Ordering.API", "Services\Ordering\Ordering.API\Ordering.API.csproj", "{554DEC38-777B-4175-A8A1-A198000A8D9A}"
EndProject
Project("{FAE04EC0-301F-11D3-BF4B-00C04F79EFBC}") = "Ordering.Domain", "Services\Ordering\Ordering.Domain\Ordering.Domain.csproj", "{72309253-F33B-4F03-AAE8-A2670627B501}"
EndProject
Project("{FAE04EC0-301F-11D3-BF4B-00C04F79EFBC}") = "Ordering.Application", "Services\Ordering\Ordering.Application\Ordering.Application.csproj", "{F6D03430-CF2E-4940-8E6D-A163E816D51A}"
EndProject
Project("{FAE04EC0-301F-11D3-BF4B-00C04F79EFBC}") = "Ordering.Infrastructure", "Services\Ordering\Ordering.Infrastructure\Ordering.Infrastructure.csproj", "{0F489BCD-EDA4-4DFB-A663-941506A6BB62}"
EndProject
Global
	GlobalSection(SolutionConfigurationPlatforms) = preSolution
		Debug|Any CPU = Debug|Any CPU
		Release|Any CPU = Release|Any CPU
	EndGlobalSection
	GlobalSection(ProjectConfigurationPlatforms) = postSolution
		{29909CA8-4C17-455E-8DB4-858B50ABEB70}.Debug|Any CPU.ActiveCfg = Debug|Any CPU
		{29909CA8-4C17-455E-8DB4-858B50ABEB70}.Debug|Any CPU.Build.0 = Debug|Any CPU
		{29909CA8-4C17-455E-8DB4-858B50ABEB70}.Release|Any CPU.ActiveCfg = Release|Any CPU
		{29909CA8-4C17-455E-8DB4-858B50ABEB70}.Release|Any CPU.Build.0 = Release|Any CPU
		{5C132ED6-DADB-41FF-B82C-321A1FF7A110}.Debug|Any CPU.ActiveCfg = Debug|Any CPU
		{5C132ED6-DADB-41FF-B82C-321A1FF7A110}.Debug|Any CPU.Build.0 = Debug|Any CPU
		{5C132ED6-DADB-41FF-B82C-321A1FF7A110}.Release|Any CPU.ActiveCfg = Release|Any CPU
		{5C132ED6-DADB-41FF-B82C-321A1FF7A110}.Release|Any CPU.Build.0 = Release|Any CPU
		{8D2AF128-9F20-450E-B0FE-EE19C1E31819}.Debug|Any CPU.ActiveCfg = Debug|Any CPU
		{8D2AF128-9F20-450E-B0FE-EE19C1E31819}.Debug|Any CPU.Build.0 = Debug|Any CPU
		{8D2AF128-9F20-450E-B0FE-EE19C1E31819}.Release|Any CPU.ActiveCfg = Release|Any CPU
		{8D2AF128-9F20-450E-B0FE-EE19C1E31819}.Release|Any CPU.Build.0 = Release|Any CPU
		{BDE520CE-0971-41F6-9E2F-5B2EE97453BC}.Debug|Any CPU.ActiveCfg = Debug|Any CPU
		{BDE520CE-0971-41F6-9E2F-5B2EE97453BC}.Debug|Any CPU.Build.0 = Debug|Any CPU
		{BDE520CE-0971-41F6-9E2F-5B2EE97453BC}.Release|Any CPU.ActiveCfg = Release|Any CPU
		{BDE520CE-0971-41F6-9E2F-5B2EE97453BC}.Release|Any CPU.Build.0 = Release|Any CPU
		{554DEC38-777B-4175-A8A1-A198000A8D9A}.Debug|Any CPU.ActiveCfg = Debug|Any CPU
		{554DEC38-777B-4175-A8A1-A198000A8D9A}.Debug|Any CPU.Build.0 = Debug|Any CPU
		{554DEC38-777B-4175-A8A1-A198000A8D9A}.Release|Any CPU.ActiveCfg = Release|Any CPU
		{554DEC38-777B-4175-A8A1-A198000A8D9A}.Release|Any CPU.Build.0 = Release|Any CPU
		{72309253-F33B-4F03-AAE8-A2670627B501}.Debug|Any CPU.ActiveCfg = Debug|Any CPU
		{72309253-F33B-4F03-AAE8-A2670627B501}.Debug|Any CPU.Build.0 = Debug|Any CPU
		{72309253-F33B-4F03-AAE8-A2670627B501}.Release|Any CPU.ActiveCfg = Release|Any CPU
		{72309253-F33B-4F03-AAE8-A2670627B501}.Release|Any CPU.Build.0 = Release|Any CPU
		{F6D03430-CF2E-4940-8E6D-A163E816D51A}.Debug|Any CPU.ActiveCfg = Debug|Any CPU
		{F6D03430-CF2E-4940-8E6D-A163E816D51A}.Debug|Any CPU.Build.0 = Debug|Any CPU
		{F6D03430-CF2E-4940-8E6D-A163E816D51A}.Release|Any CPU.ActiveCfg = Release|Any CPU
		{F6D03430-CF2E-4940-8E6D-A163E816D51A}.Release|Any CPU.Build.0 = Release|Any CPU
		{0F489BCD-EDA4-4DFB-A663-941506A6BB62}.Debug|Any CPU.ActiveCfg = Debug|Any CPU
		{0F489BCD-EDA4-4DFB-A663-941506A6BB62}.Debug|Any CPU.Build.0 = Debug|Any CPU
		{0F489BCD-EDA4-4DFB-A663-941506A6BB62}.Release|Any CPU.ActiveCfg = Release|Any CPU
		{0F489BCD-EDA4-4DFB-A663-941506A6BB62}.Release|Any CPU.Build.0 = Release|Any CPU
	EndGlobalSection
	GlobalSection(SolutionProperties) = preSolution
		HideSolutionNode = FALSE
	EndGlobalSection
	GlobalSection(NestedProjects) = preSolution
		{1A033AFE-7B95-44A8-A74F-9DC0B125591C} = {8FAF5FED-567D-4AB1-8C4C-0D4E4A4C55AD}
		{CC7513F5-570B-4376-8D4A-B936EA7AEBBE} = {8FAF5FED-567D-4AB1-8C4C-0D4E4A4C55AD}
		{29909CA8-4C17-455E-8DB4-858B50ABEB70} = {CC7513F5-570B-4376-8D4A-B936EA7AEBBE}
		{5C132ED6-DADB-41FF-B82C-321A1FF7A110} = {1A033AFE-7B95-44A8-A74F-9DC0B125591C}
		{FA6DAFB4-7F2F-4F17-A0AE-B8291E34D9BF} = {8FAF5FED-567D-4AB1-8C4C-0D4E4A4C55AD}
		{8D2AF128-9F20-450E-B0FE-EE19C1E31819} = {FA6DAFB4-7F2F-4F17-A0AE-B8291E34D9BF}
		{C2E14CBF-034F-4933-BB79-6EA4ECD71DEC} = {8FAF5FED-567D-4AB1-8C4C-0D4E4A4C55AD}
		{554DEC38-777B-4175-A8A1-A198000A8D9A} = {C2E14CBF-034F-4933-BB79-6EA4ECD71DEC}
		{72309253-F33B-4F03-AAE8-A2670627B501} = {C2E14CBF-034F-4933-BB79-6EA4ECD71DEC}
		{F6D03430-CF2E-4940-8E6D-A163E816D51A} = {C2E14CBF-034F-4933-BB79-6EA4ECD71DEC}
		{0F489BCD-EDA4-4DFB-A663-941506A6BB62} = {C2E14CBF-034F-4933-BB79-6EA4ECD71DEC}
	EndGlobalSection
	GlobalSection(ExtensibilityGlobals) = postSolution
		SolutionGuid = {19E887DC-72CF-46F8-84CA-AF84353ABC6D}
	EndGlobalSection
EndGlobal
